
Microsoft Visual Studio Solution File, Format Version 12.00
# Visual Studio 15
VisualStudioVersion = 15.0.27703.2035
MinimumVisualStudioVersion = 10.0.40219.1
Project("{9A19103F-16F7-4668-BE54-9A1E7A4F7556}") = "Microsoft.SqlTools.Samples.LanguageServerHost", "Microsoft.SqlTools.Samples.LanguageServerHost\Microsoft.SqlTools.Samples.LanguageServerHost.csproj", "{249DA226-6593-44EC-9744-65B2C6B66649}"
EndProject
Project("{9A19103F-16F7-4668-BE54-9A1E7A4F7556}") = "Microsoft.SqlTools.Hosting", "..\..\..\src\Microsoft.SqlTools.Hosting.v2\Microsoft.SqlTools.Hosting.csproj", "{92795C39-80DB-4609-A871-5F56F29EDE94}"
EndProject
Project("{9A19103F-16F7-4668-BE54-9A1E7A4F7556}") = "Microsoft.SqlTools.Hosting.Contracts", "..\..\..\src\Microsoft.SqlTools.Hosting.Contracts\Microsoft.SqlTools.Hosting.Contracts.csproj", "{44F953CF-961D-4CFE-B892-AAAEB1FDE026}"
EndProject
Project("{9A19103F-16F7-4668-BE54-9A1E7A4F7556}") = "Microsoft.SqlTools.Samples.LanguageServerHost.Services", "Microsoft.SqlTools.Samples.LanguageServerHost.Services\Microsoft.SqlTools.Samples.LanguageServerHost.Services.csproj", "{3E94AE9D-E06C-408E-A331-067299F97975}"
EndProject
Project("{9A19103F-16F7-4668-BE54-9A1E7A4F7556}") = "Microsoft.SqlTools.LanguageServerProtocol", "..\..\..\src\Microsoft.SqlTools.LanguageServerProtocol\Microsoft.SqlTools.LanguageServerProtocol.csproj", "{054ECA56-A4D0-4A6F-8DC8-3794B2403D8F}"
EndProject
Project("{9A19103F-16F7-4668-BE54-9A1E7A4F7556}") = "Microsoft.SqlTools.LanguageServerProtocol.Contracts", "..\..\..\src\Microsoft.SqlTools.LanguageServerProtocol.Contracts\Microsoft.SqlTools.LanguageServerProtocol.Contracts.csproj", "{D71CD3E8-8C57-40E7-B350-91918EE62BC7}"
EndProject
Project("{9A19103F-16F7-4668-BE54-9A1E7A4F7556}") = "Microsoft.Mashup.LanguageServer", "..\..\..\..\..\..\pq\power-query\private\Product\Mashup\Tools\vscode\LanguageServer\Microsoft.Mashup.LanguageServer\Microsoft.Mashup.LanguageServer.csproj", "{243A0C67-27EF-4B4E-B94A-E8060CDDE8AB}"
EndProject
Project("{FAE04EC0-301F-11D3-BF4B-00C04F79EFBC}") = "Microsoft.Mashup.LanguageServer.Services", "..\..\..\..\..\..\pq\power-query\private\Product\Mashup\Tools\vscode\LanguageServer\Microsoft.Mashup.LanguageServer.Services\Microsoft.Mashup.LanguageServer.Services.csproj", "{A5F1ABCF-C91F-485B-96C5-FA5A84D9A77A}"
EndProject
Global
	GlobalSection(SolutionConfigurationPlatforms) = preSolution
		Debug|Any CPU = Debug|Any CPU
		Debug|x64 = Debug|x64
		Debug-Mac|Any CPU = Debug-Mac|Any CPU
		Debug-Mac|x64 = Debug-Mac|x64
		Debug-Win|Any CPU = Debug-Win|Any CPU
		Debug-Win|x64 = Debug-Win|x64
		Release|Any CPU = Release|Any CPU
		Release|x64 = Release|x64
		Release-Mac|Any CPU = Release-Mac|Any CPU
		Release-Mac|x64 = Release-Mac|x64
		Release-Win|Any CPU = Release-Win|Any CPU
		Release-Win|x64 = Release-Win|x64
	EndGlobalSection
	GlobalSection(ProjectConfigurationPlatforms) = postSolution
		{249DA226-6593-44EC-9744-65B2C6B66649}.Debug|Any CPU.ActiveCfg = Debug|Any CPU
		{249DA226-6593-44EC-9744-65B2C6B66649}.Debug|Any CPU.Build.0 = Debug|Any CPU
		{249DA226-6593-44EC-9744-65B2C6B66649}.Debug|x64.ActiveCfg = Debug|Any CPU
		{249DA226-6593-44EC-9744-65B2C6B66649}.Debug-Mac|Any CPU.ActiveCfg = Debug|Any CPU
		{249DA226-6593-44EC-9744-65B2C6B66649}.Debug-Mac|x64.ActiveCfg = Debug|Any CPU
		{249DA226-6593-44EC-9744-65B2C6B66649}.Debug-Win|Any CPU.ActiveCfg = Debug|Any CPU
		{249DA226-6593-44EC-9744-65B2C6B66649}.Debug-Win|x64.ActiveCfg = Debug|Any CPU
		{249DA226-6593-44EC-9744-65B2C6B66649}.Release|Any CPU.ActiveCfg = Release|Any CPU
		{249DA226-6593-44EC-9744-65B2C6B66649}.Release|Any CPU.Build.0 = Release|Any CPU
		{249DA226-6593-44EC-9744-65B2C6B66649}.Release|x64.ActiveCfg = Release|Any CPU
		{249DA226-6593-44EC-9744-65B2C6B66649}.Release-Mac|Any CPU.ActiveCfg = Release|Any CPU
		{249DA226-6593-44EC-9744-65B2C6B66649}.Release-Mac|x64.ActiveCfg = Release|Any CPU
		{249DA226-6593-44EC-9744-65B2C6B66649}.Release-Win|Any CPU.ActiveCfg = Release|Any CPU
		{249DA226-6593-44EC-9744-65B2C6B66649}.Release-Win|x64.ActiveCfg = Release|Any CPU
		{92795C39-80DB-4609-A871-5F56F29EDE94}.Debug|Any CPU.ActiveCfg = Debug|Any CPU
		{92795C39-80DB-4609-A871-5F56F29EDE94}.Debug|Any CPU.Build.0 = Debug|Any CPU
		{92795C39-80DB-4609-A871-5F56F29EDE94}.Debug|x64.ActiveCfg = Debug|Any CPU
		{92795C39-80DB-4609-A871-5F56F29EDE94}.Debug|x64.Build.0 = Debug|Any CPU
		{92795C39-80DB-4609-A871-5F56F29EDE94}.Debug-Mac|Any CPU.ActiveCfg = Debug|Any CPU
		{92795C39-80DB-4609-A871-5F56F29EDE94}.Debug-Mac|Any CPU.Build.0 = Debug|Any CPU
		{92795C39-80DB-4609-A871-5F56F29EDE94}.Debug-Mac|x64.ActiveCfg = Debug|Any CPU
		{92795C39-80DB-4609-A871-5F56F29EDE94}.Debug-Mac|x64.Build.0 = Debug|Any CPU
		{92795C39-80DB-4609-A871-5F56F29EDE94}.Debug-Win|Any CPU.ActiveCfg = Debug|Any CPU
		{92795C39-80DB-4609-A871-5F56F29EDE94}.Debug-Win|Any CPU.Build.0 = Debug|Any CPU
		{92795C39-80DB-4609-A871-5F56F29EDE94}.Debug-Win|x64.ActiveCfg = Debug|Any CPU
		{92795C39-80DB-4609-A871-5F56F29EDE94}.Debug-Win|x64.Build.0 = Debug|Any CPU
		{92795C39-80DB-4609-A871-5F56F29EDE94}.Release|Any CPU.ActiveCfg = Release|Any CPU
		{92795C39-80DB-4609-A871-5F56F29EDE94}.Release|Any CPU.Build.0 = Release|Any CPU
		{92795C39-80DB-4609-A871-5F56F29EDE94}.Release|x64.ActiveCfg = Release|Any CPU
		{92795C39-80DB-4609-A871-5F56F29EDE94}.Release|x64.Build.0 = Release|Any CPU
		{92795C39-80DB-4609-A871-5F56F29EDE94}.Release-Mac|Any CPU.ActiveCfg = Release|Any CPU
		{92795C39-80DB-4609-A871-5F56F29EDE94}.Release-Mac|Any CPU.Build.0 = Release|Any CPU
		{92795C39-80DB-4609-A871-5F56F29EDE94}.Release-Mac|x64.ActiveCfg = Release|Any CPU
		{92795C39-80DB-4609-A871-5F56F29EDE94}.Release-Mac|x64.Build.0 = Release|Any CPU
		{92795C39-80DB-4609-A871-5F56F29EDE94}.Release-Win|Any CPU.ActiveCfg = Release|Any CPU
		{92795C39-80DB-4609-A871-5F56F29EDE94}.Release-Win|Any CPU.Build.0 = Release|Any CPU
		{92795C39-80DB-4609-A871-5F56F29EDE94}.Release-Win|x64.ActiveCfg = Release|Any CPU
		{92795C39-80DB-4609-A871-5F56F29EDE94}.Release-Win|x64.Build.0 = Release|Any CPU
		{44F953CF-961D-4CFE-B892-AAAEB1FDE026}.Debug|Any CPU.ActiveCfg = Debug|Any CPU
		{44F953CF-961D-4CFE-B892-AAAEB1FDE026}.Debug|Any CPU.Build.0 = Debug|Any CPU
		{44F953CF-961D-4CFE-B892-AAAEB1FDE026}.Debug|x64.ActiveCfg = Debug|Any CPU
		{44F953CF-961D-4CFE-B892-AAAEB1FDE026}.Debug|x64.Build.0 = Debug|Any CPU
		{44F953CF-961D-4CFE-B892-AAAEB1FDE026}.Debug-Mac|Any CPU.ActiveCfg = Debug|Any CPU
		{44F953CF-961D-4CFE-B892-AAAEB1FDE026}.Debug-Mac|Any CPU.Build.0 = Debug|Any CPU
		{44F953CF-961D-4CFE-B892-AAAEB1FDE026}.Debug-Mac|x64.ActiveCfg = Debug|Any CPU
		{44F953CF-961D-4CFE-B892-AAAEB1FDE026}.Debug-Mac|x64.Build.0 = Debug|Any CPU
		{44F953CF-961D-4CFE-B892-AAAEB1FDE026}.Debug-Win|Any CPU.ActiveCfg = Debug|Any CPU
		{44F953CF-961D-4CFE-B892-AAAEB1FDE026}.Debug-Win|Any CPU.Build.0 = Debug|Any CPU
		{44F953CF-961D-4CFE-B892-AAAEB1FDE026}.Debug-Win|x64.ActiveCfg = Debug|Any CPU
		{44F953CF-961D-4CFE-B892-AAAEB1FDE026}.Debug-Win|x64.Build.0 = Debug|Any CPU
		{44F953CF-961D-4CFE-B892-AAAEB1FDE026}.Release|Any CPU.ActiveCfg = Release|Any CPU
		{44F953CF-961D-4CFE-B892-AAAEB1FDE026}.Release|Any CPU.Build.0 = Release|Any CPU
		{44F953CF-961D-4CFE-B892-AAAEB1FDE026}.Release|x64.ActiveCfg = Release|Any CPU
		{44F953CF-961D-4CFE-B892-AAAEB1FDE026}.Release|x64.Build.0 = Release|Any CPU
		{44F953CF-961D-4CFE-B892-AAAEB1FDE026}.Release-Mac|Any CPU.ActiveCfg = Release|Any CPU
		{44F953CF-961D-4CFE-B892-AAAEB1FDE026}.Release-Mac|Any CPU.Build.0 = Release|Any CPU
		{44F953CF-961D-4CFE-B892-AAAEB1FDE026}.Release-Mac|x64.ActiveCfg = Release|Any CPU
		{44F953CF-961D-4CFE-B892-AAAEB1FDE026}.Release-Mac|x64.Build.0 = Release|Any CPU
		{44F953CF-961D-4CFE-B892-AAAEB1FDE026}.Release-Win|Any CPU.ActiveCfg = Release|Any CPU
		{44F953CF-961D-4CFE-B892-AAAEB1FDE026}.Release-Win|Any CPU.Build.0 = Release|Any CPU
		{44F953CF-961D-4CFE-B892-AAAEB1FDE026}.Release-Win|x64.ActiveCfg = Release|Any CPU
		{44F953CF-961D-4CFE-B892-AAAEB1FDE026}.Release-Win|x64.Build.0 = Release|Any CPU
		{3E94AE9D-E06C-408E-A331-067299F97975}.Debug|Any CPU.ActiveCfg = Debug|Any CPU
		{3E94AE9D-E06C-408E-A331-067299F97975}.Debug|Any CPU.Build.0 = Debug|Any CPU
		{3E94AE9D-E06C-408E-A331-067299F97975}.Debug|x64.ActiveCfg = Debug|Any CPU
		{3E94AE9D-E06C-408E-A331-067299F97975}.Debug|x64.Build.0 = Debug|Any CPU
		{3E94AE9D-E06C-408E-A331-067299F97975}.Debug-Mac|Any CPU.ActiveCfg = Debug|Any CPU
		{3E94AE9D-E06C-408E-A331-067299F97975}.Debug-Mac|Any CPU.Build.0 = Debug|Any CPU
		{3E94AE9D-E06C-408E-A331-067299F97975}.Debug-Mac|x64.ActiveCfg = Debug|Any CPU
		{3E94AE9D-E06C-408E-A331-067299F97975}.Debug-Mac|x64.Build.0 = Debug|Any CPU
		{3E94AE9D-E06C-408E-A331-067299F97975}.Debug-Win|Any CPU.ActiveCfg = Debug|Any CPU
		{3E94AE9D-E06C-408E-A331-067299F97975}.Debug-Win|Any CPU.Build.0 = Debug|Any CPU
		{3E94AE9D-E06C-408E-A331-067299F97975}.Debug-Win|x64.ActiveCfg = Debug|Any CPU
		{3E94AE9D-E06C-408E-A331-067299F97975}.Debug-Win|x64.Build.0 = Debug|Any CPU
		{3E94AE9D-E06C-408E-A331-067299F97975}.Release|Any CPU.ActiveCfg = Release|Any CPU
		{3E94AE9D-E06C-408E-A331-067299F97975}.Release|Any CPU.Build.0 = Release|Any CPU
		{3E94AE9D-E06C-408E-A331-067299F97975}.Release|x64.ActiveCfg = Release|Any CPU
		{3E94AE9D-E06C-408E-A331-067299F97975}.Release|x64.Build.0 = Release|Any CPU
		{3E94AE9D-E06C-408E-A331-067299F97975}.Release-Mac|Any CPU.ActiveCfg = Release|Any CPU
		{3E94AE9D-E06C-408E-A331-067299F97975}.Release-Mac|Any CPU.Build.0 = Release|Any CPU
		{3E94AE9D-E06C-408E-A331-067299F97975}.Release-Mac|x64.ActiveCfg = Release|Any CPU
		{3E94AE9D-E06C-408E-A331-067299F97975}.Release-Mac|x64.Build.0 = Release|Any CPU
		{3E94AE9D-E06C-408E-A331-067299F97975}.Release-Win|Any CPU.ActiveCfg = Release|Any CPU
		{3E94AE9D-E06C-408E-A331-067299F97975}.Release-Win|Any CPU.Build.0 = Release|Any CPU
		{3E94AE9D-E06C-408E-A331-067299F97975}.Release-Win|x64.ActiveCfg = Release|Any CPU
		{3E94AE9D-E06C-408E-A331-067299F97975}.Release-Win|x64.Build.0 = Release|Any CPU
		{054ECA56-A4D0-4A6F-8DC8-3794B2403D8F}.Debug|Any CPU.ActiveCfg = Debug|Any CPU
		{054ECA56-A4D0-4A6F-8DC8-3794B2403D8F}.Debug|Any CPU.Build.0 = Debug|Any CPU
		{054ECA56-A4D0-4A6F-8DC8-3794B2403D8F}.Debug|x64.ActiveCfg = Debug|Any CPU
		{054ECA56-A4D0-4A6F-8DC8-3794B2403D8F}.Debug|x64.Build.0 = Debug|Any CPU
		{054ECA56-A4D0-4A6F-8DC8-3794B2403D8F}.Debug-Mac|Any CPU.ActiveCfg = Debug|Any CPU
		{054ECA56-A4D0-4A6F-8DC8-3794B2403D8F}.Debug-Mac|Any CPU.Build.0 = Debug|Any CPU
		{054ECA56-A4D0-4A6F-8DC8-3794B2403D8F}.Debug-Mac|x64.ActiveCfg = Debug|Any CPU
		{054ECA56-A4D0-4A6F-8DC8-3794B2403D8F}.Debug-Mac|x64.Build.0 = Debug|Any CPU
		{054ECA56-A4D0-4A6F-8DC8-3794B2403D8F}.Debug-Win|Any CPU.ActiveCfg = Debug|Any CPU
		{054ECA56-A4D0-4A6F-8DC8-3794B2403D8F}.Debug-Win|Any CPU.Build.0 = Debug|Any CPU
		{054ECA56-A4D0-4A6F-8DC8-3794B2403D8F}.Debug-Win|x64.ActiveCfg = Debug|Any CPU
		{054ECA56-A4D0-4A6F-8DC8-3794B2403D8F}.Debug-Win|x64.Build.0 = Debug|Any CPU
		{054ECA56-A4D0-4A6F-8DC8-3794B2403D8F}.Release|Any CPU.ActiveCfg = Release|Any CPU
		{054ECA56-A4D0-4A6F-8DC8-3794B2403D8F}.Release|Any CPU.Build.0 = Release|Any CPU
		{054ECA56-A4D0-4A6F-8DC8-3794B2403D8F}.Release|x64.ActiveCfg = Release|Any CPU
		{054ECA56-A4D0-4A6F-8DC8-3794B2403D8F}.Release|x64.Build.0 = Release|Any CPU
		{054ECA56-A4D0-4A6F-8DC8-3794B2403D8F}.Release-Mac|Any CPU.ActiveCfg = Release|Any CPU
		{054ECA56-A4D0-4A6F-8DC8-3794B2403D8F}.Release-Mac|Any CPU.Build.0 = Release|Any CPU
		{054ECA56-A4D0-4A6F-8DC8-3794B2403D8F}.Release-Mac|x64.ActiveCfg = Release|Any CPU
		{054ECA56-A4D0-4A6F-8DC8-3794B2403D8F}.Release-Mac|x64.Build.0 = Release|Any CPU
		{054ECA56-A4D0-4A6F-8DC8-3794B2403D8F}.Release-Win|Any CPU.ActiveCfg = Release|Any CPU
		{054ECA56-A4D0-4A6F-8DC8-3794B2403D8F}.Release-Win|Any CPU.Build.0 = Release|Any CPU
		{054ECA56-A4D0-4A6F-8DC8-3794B2403D8F}.Release-Win|x64.ActiveCfg = Release|Any CPU
		{054ECA56-A4D0-4A6F-8DC8-3794B2403D8F}.Release-Win|x64.Build.0 = Release|Any CPU
		{D71CD3E8-8C57-40E7-B350-91918EE62BC7}.Debug|Any CPU.ActiveCfg = Debug|Any CPU
		{D71CD3E8-8C57-40E7-B350-91918EE62BC7}.Debug|Any CPU.Build.0 = Debug|Any CPU
		{D71CD3E8-8C57-40E7-B350-91918EE62BC7}.Debug|x64.ActiveCfg = Debug|Any CPU
		{D71CD3E8-8C57-40E7-B350-91918EE62BC7}.Debug|x64.Build.0 = Debug|Any CPU
		{D71CD3E8-8C57-40E7-B350-91918EE62BC7}.Debug-Mac|Any CPU.ActiveCfg = Debug|Any CPU
		{D71CD3E8-8C57-40E7-B350-91918EE62BC7}.Debug-Mac|Any CPU.Build.0 = Debug|Any CPU
		{D71CD3E8-8C57-40E7-B350-91918EE62BC7}.Debug-Mac|x64.ActiveCfg = Debug|Any CPU
		{D71CD3E8-8C57-40E7-B350-91918EE62BC7}.Debug-Mac|x64.Build.0 = Debug|Any CPU
		{D71CD3E8-8C57-40E7-B350-91918EE62BC7}.Debug-Win|Any CPU.ActiveCfg = Debug|Any CPU
		{D71CD3E8-8C57-40E7-B350-91918EE62BC7}.Debug-Win|Any CPU.Build.0 = Debug|Any CPU
		{D71CD3E8-8C57-40E7-B350-91918EE62BC7}.Debug-Win|x64.ActiveCfg = Debug|Any CPU
		{D71CD3E8-8C57-40E7-B350-91918EE62BC7}.Debug-Win|x64.Build.0 = Debug|Any CPU
		{D71CD3E8-8C57-40E7-B350-91918EE62BC7}.Release|Any CPU.ActiveCfg = Release|Any CPU
		{D71CD3E8-8C57-40E7-B350-91918EE62BC7}.Release|Any CPU.Build.0 = Release|Any CPU
		{D71CD3E8-8C57-40E7-B350-91918EE62BC7}.Release|x64.ActiveCfg = Release|Any CPU
		{D71CD3E8-8C57-40E7-B350-91918EE62BC7}.Release|x64.Build.0 = Release|Any CPU
		{D71CD3E8-8C57-40E7-B350-91918EE62BC7}.Release-Mac|Any CPU.ActiveCfg = Release|Any CPU
		{D71CD3E8-8C57-40E7-B350-91918EE62BC7}.Release-Mac|Any CPU.Build.0 = Release|Any CPU
		{D71CD3E8-8C57-40E7-B350-91918EE62BC7}.Release-Mac|x64.ActiveCfg = Release|Any CPU
		{D71CD3E8-8C57-40E7-B350-91918EE62BC7}.Release-Mac|x64.Build.0 = Release|Any CPU
		{D71CD3E8-8C57-40E7-B350-91918EE62BC7}.Release-Win|Any CPU.ActiveCfg = Release|Any CPU
		{D71CD3E8-8C57-40E7-B350-91918EE62BC7}.Release-Win|Any CPU.Build.0 = Release|Any CPU
		{D71CD3E8-8C57-40E7-B350-91918EE62BC7}.Release-Win|x64.ActiveCfg = Release|Any CPU
		{D71CD3E8-8C57-40E7-B350-91918EE62BC7}.Release-Win|x64.Build.0 = Release|Any CPU
		{243A0C67-27EF-4B4E-B94A-E8060CDDE8AB}.Debug|Any CPU.ActiveCfg = Debug-Win|x64
		{243A0C67-27EF-4B4E-B94A-E8060CDDE8AB}.Debug|Any CPU.Build.0 = Debug-Win|x64
		{243A0C67-27EF-4B4E-B94A-E8060CDDE8AB}.Debug|x64.ActiveCfg = Debug-Win|x64
		{243A0C67-27EF-4B4E-B94A-E8060CDDE8AB}.Debug|x64.Build.0 = Debug-Win|x64
		{243A0C67-27EF-4B4E-B94A-E8060CDDE8AB}.Debug-Mac|Any CPU.ActiveCfg = Debug-Mac|x64
		{243A0C67-27EF-4B4E-B94A-E8060CDDE8AB}.Debug-Mac|x64.ActiveCfg = Debug-Mac|x64
		{243A0C67-27EF-4B4E-B94A-E8060CDDE8AB}.Debug-Mac|x64.Build.0 = Debug-Mac|x64
		{243A0C67-27EF-4B4E-B94A-E8060CDDE8AB}.Debug-Win|Any CPU.ActiveCfg = Debug-Win|x64
		{243A0C67-27EF-4B4E-B94A-E8060CDDE8AB}.Debug-Win|x64.ActiveCfg = Debug-Win|x64
		{243A0C67-27EF-4B4E-B94A-E8060CDDE8AB}.Debug-Win|x64.Build.0 = Debug-Win|x64
		{243A0C67-27EF-4B4E-B94A-E8060CDDE8AB}.Release|Any CPU.ActiveCfg = Debug-Win|x64
		{243A0C67-27EF-4B4E-B94A-E8060CDDE8AB}.Release|Any CPU.Build.0 = Debug-Win|x64
		{243A0C67-27EF-4B4E-B94A-E8060CDDE8AB}.Release|x64.ActiveCfg = Release-Mac|x64
		{243A0C67-27EF-4B4E-B94A-E8060CDDE8AB}.Release|x64.Build.0 = Release-Mac|x64
		{243A0C67-27EF-4B4E-B94A-E8060CDDE8AB}.Release-Mac|Any CPU.ActiveCfg = Release-Mac|x64
		{243A0C67-27EF-4B4E-B94A-E8060CDDE8AB}.Release-Mac|x64.ActiveCfg = Release-Mac|x64
		{243A0C67-27EF-4B4E-B94A-E8060CDDE8AB}.Release-Mac|x64.Build.0 = Release-Mac|x64
		{243A0C67-27EF-4B4E-B94A-E8060CDDE8AB}.Release-Win|Any CPU.ActiveCfg = Release-Win|x64
		{243A0C67-27EF-4B4E-B94A-E8060CDDE8AB}.Release-Win|x64.ActiveCfg = Release-Win|x64
		{243A0C67-27EF-4B4E-B94A-E8060CDDE8AB}.Release-Win|x64.Build.0 = Release-Win|x64
		{A5F1ABCF-C91F-485B-96C5-FA5A84D9A77A}.Debug|Any CPU.ActiveCfg = Debug-Win|x64
		{A5F1ABCF-C91F-485B-96C5-FA5A84D9A77A}.Debug|Any CPU.Build.0 = Debug-Win|x64
		{A5F1ABCF-C91F-485B-96C5-FA5A84D9A77A}.Debug|x64.ActiveCfg = Debug-Win|x64
		{A5F1ABCF-C91F-485B-96C5-FA5A84D9A77A}.Debug|x64.Build.0 = Debug-Win|x64
		{A5F1ABCF-C91F-485B-96C5-FA5A84D9A77A}.Debug-Mac|Any CPU.ActiveCfg = Debug-Mac|x64
		{A5F1ABCF-C91F-485B-96C5-FA5A84D9A77A}.Debug-Mac|x64.ActiveCfg = Debug-Mac|x64
		{A5F1ABCF-C91F-485B-96C5-FA5A84D9A77A}.Debug-Mac|x64.Build.0 = Debug-Mac|x64
		{A5F1ABCF-C91F-485B-96C5-FA5A84D9A77A}.Debug-Win|Any CPU.ActiveCfg = Debug-Win|x64
		{A5F1ABCF-C91F-485B-96C5-FA5A84D9A77A}.Debug-Win|x64.ActiveCfg = Debug-Win|x64
		{A5F1ABCF-C91F-485B-96C5-FA5A84D9A77A}.Debug-Win|x64.Build.0 = Debug-Win|x64
		{A5F1ABCF-C91F-485B-96C5-FA5A84D9A77A}.Release|Any CPU.ActiveCfg = Debug-Win|x64
		{A5F1ABCF-C91F-485B-96C5-FA5A84D9A77A}.Release|Any CPU.Build.0 = Debug-Win|x64
		{A5F1ABCF-C91F-485B-96C5-FA5A84D9A77A}.Release|x64.ActiveCfg = Release-Mac|x64
		{A5F1ABCF-C91F-485B-96C5-FA5A84D9A77A}.Release|x64.Build.0 = Release-Mac|x64
		{A5F1ABCF-C91F-485B-96C5-FA5A84D9A77A}.Release-Mac|Any CPU.ActiveCfg = Release-Mac|x64
		{A5F1ABCF-C91F-485B-96C5-FA5A84D9A77A}.Release-Mac|x64.ActiveCfg = Release-Mac|x64
		{A5F1ABCF-C91F-485B-96C5-FA5A84D9A77A}.Release-Mac|x64.Build.0 = Release-Mac|x64
		{A5F1ABCF-C91F-485B-96C5-FA5A84D9A77A}.Release-Win|Any CPU.ActiveCfg = Release-Win|x64
		{A5F1ABCF-C91F-485B-96C5-FA5A84D9A77A}.Release-Win|x64.ActiveCfg = Release-Win|x64
		{A5F1ABCF-C91F-485B-96C5-FA5A84D9A77A}.Release-Win|x64.Build.0 = Release-Win|x64
	EndGlobalSection
	GlobalSection(SolutionProperties) = preSolution
		HideSolutionNode = FALSE
	EndGlobalSection
	GlobalSection(ExtensibilityGlobals) = postSolution
		SolutionGuid = {5ACB2A45-36D7-437F-B366-C1F5654FE825}
	EndGlobalSection
EndGlobal
